{
  "lockfile-version": 1,
  "manifest": {
    "version": 1,
    "install": {
      "rustup": {
        "pkg-path": "rustup"
      }
    },
    "hook": {},
    "profile": {},
    "options": {
      "systems": [
        "aarch64-darwin",
        "aarch64-linux",
        "x86_64-darwin",
        "x86_64-linux"
      ],
      "allow": {
        "licenses": []
      },
      "semver": {}
    }
  },
  "packages": [
    {
      "attr_path": "rustup",
      "broken": false,
      "derivation": "/nix/store/mzl2d8nrs6mp3fv5w58zjlrjdkqs4ldb-rustup-1.27.1.drv",
      "description": "Rust toolchain installer",
      "install_id": "rustup",
      "license": "[ Apache-2.0, MIT ]",
      "locked_url": "https://github.com/flox/nixpkgs?rev=3a228057f5b619feb3186e986dbe76278d707b6e",
      "name": "rustup-1.27.1",
      "pname": "rustup",
      "rev": "3a228057f5b619feb3186e986dbe76278d707b6e",
      "rev_count": 746337,
      "rev_date": "2025-02-01T11:46:30Z",
      "scrape_date": "2025-02-02T00:30:00Z",
      "stabilities": [
        "unstable"
      ],
      "unfree": false,
      "version": "1.27.1",
      "outputs_to_install": [
        "out"
      ],
      "outputs": {
        "out": "/nix/store/nb4d0yp5hazgynng8rp5x6hgwphm7yj6-rustup-1.27.1"
      },
      "system": "aarch64-darwin",
      "group": "toplevel",
      "priority": 5
    },
    {
      "attr_path": "rustup",
      "broken": false,
      "derivation": "/nix/store/ly86na18c89r1v2m6h4f153yw904m35g-rustup-1.27.1.drv",
      "description": "Rust toolchain installer",
      "install_id": "rustup",
      "license": "[ Apache-2.0, MIT ]",
      "locked_url": "https://github.com/flox/nixpkgs?rev=3a228057f5b619feb3186e986dbe76278d707b6e",
      "name": "rustup-1.27.1",
      "pname": "rustup",
      "rev": "3a228057f5b619feb3186e986dbe76278d707b6e",
      "rev_count": 746337,
      "rev_date": "2025-02-01T11:46:30Z",
      "scrape_date": "2025-02-02T00:30:00Z",
      "stabilities": [
        "unstable"
      ],
      "unfree": false,
      "version": "1.27.1",
      "outputs_to_install": [
        "out"
      ],
      "outputs": {
        "out": "/nix/store/772m79ldzymzsnvrjic03x3hprhsa7lx-rustup-1.27.1"
      },
      "system": "aarch64-linux",
      "group": "toplevel",
      "priority": 5
    },
    {
      "attr_path": "rustup",
      "broken": false,
      "derivation": "/nix/store/jwnr4148fmkqgy1l4gw7r6kzg10l6nq1-rustup-1.27.1.drv",
      "description": "Rust toolchain installer",
      "install_id": "rustup",
      "license": "[ Apache-2.0, MIT ]",
      "locked_url": "https://github.com/flox/nixpkgs?rev=3a228057f5b619feb3186e986dbe76278d707b6e",
      "name": "rustup-1.27.1",
      "pname": "rustup",
      "rev": "3a228057f5b619feb3186e986dbe76278d707b6e",
      "rev_count": 746337,
      "rev_date": "2025-02-01T11:46:30Z",
      "scrape_date": "2025-02-02T00:30:00Z",
      "stabilities": [
        "unstable"
      ],
      "unfree": false,
      "version": "1.27.1",
      "outputs_to_install": [
        "out"
      ],
      "outputs": {
        "out": "/nix/store/8bb8r3ysynqxiz2w7hmww1lrf6sqwafn-rustup-1.27.1"
      },
      "system": "x86_64-darwin",
      "group": "toplevel",
      "priority": 5
    },
    {
      "attr_path": "rustup",
      "broken": false,
      "derivation": "/nix/store/dib164gjkvjc4xwq5kkjzg8nsxmr302d-rustup-1.27.1.drv",
      "description": "Rust toolchain installer",
      "install_id": "rustup",
      "license": "[ Apache-2.0, MIT ]",
      "locked_url": "https://github.com/flox/nixpkgs?rev=3a228057f5b619feb3186e986dbe76278d707b6e",
      "name": "rustup-1.27.1",
      "pname": "rustup",
      "rev": "3a228057f5b619feb3186e986dbe76278d707b6e",
      "rev_count": 746337,
      "rev_date": "2025-02-01T11:46:30Z",
      "scrape_date": "2025-02-02T00:30:00Z",
      "stabilities": [
        "unstable"
      ],
      "unfree": false,
      "version": "1.27.1",
      "outputs_to_install": [
        "out"
      ],
      "outputs": {
        "out": "/nix/store/xnmhxkrssh8fgk5vdhz2rr7syvj22yd6-rustup-1.27.1"
      },
      "system": "x86_64-linux",
      "group": "toplevel",
      "priority": 5
    }
  ]
}