{
  "lockfile-version": 1,
  "manifest": {
    "version": 1,
    "install": {
      "cargo": {
        "pkg-path": "cargo"
      },
      "npm": {
        "pkg-path": "nodePackages.npm"
      },
      "rustc": {
        "pkg-path": "rustc"
      },
      "rustfmt": {
        "pkg-path": "rustfmt"
      }
    },
    "hook": {
      "on-activate": "  npx tailwindcss -i ./input.css -o ./assets/tailwind.css --watch\n"
    },
    "profile": {},
    "options": {
      "systems": [
        "aarch64-darwin",
        "aarch64-linux",
        "x86_64-darwin",
        "x86_64-linux"
      ],
      "allow": {
        "licenses": []
      },
      "semver": {}
    }
  },
  "packages": [
    {
      "attr_path": "cargo",
      "broken": false,
      "derivation": "/nix/store/5bbgf66zjijcs30vw2mr077l82db3hn6-cargo-1.83.0.drv",
      "description": "Downloads your Rust project's dependencies and builds your project",
      "install_id": "cargo",
      "license": "[ MIT, Apache-2.0 ]",
      "locked_url": "https://github.com/flox/nixpkgs?rev=9d3ae807ebd2981d593cddd0080856873139aa40",
      "name": "cargo-1.83.0",
      "pname": "cargo",
      "rev": "9d3ae807ebd2981d593cddd0080856873139aa40",
      "rev_count": 745286,
      "rev_date": "2025-01-29T09:16:47Z",
      "scrape_date": "2025-01-30T03:28:02Z",
      "stabilities": [
        "unstable"
      ],
      "unfree": false,
      "version": "1.83.0",
      "outputs_to_install": [
        "out"
      ],
      "outputs": {
        "out": "/nix/store/ivrvbcih28j6nqd3dhl4hsb95nrfmi4c-cargo-1.83.0"
      },
      "system": "aarch64-darwin",
      "group": "toplevel",
      "priority": 5
    },
    {
      "attr_path": "cargo",
      "broken": false,
      "derivation": "/nix/store/j0l5y9r0ar89l8n7hi6r7d5pqrkzbihd-cargo-1.83.0.drv",
      "description": "Downloads your Rust project's dependencies and builds your project",
      "install_id": "cargo",
      "license": "[ MIT, Apache-2.0 ]",
      "locked_url": "https://github.com/flox/nixpkgs?rev=9d3ae807ebd2981d593cddd0080856873139aa40",
      "name": "cargo-1.83.0",
      "pname": "cargo",
      "rev": "9d3ae807ebd2981d593cddd0080856873139aa40",
      "rev_count": 745286,
      "rev_date": "2025-01-29T09:16:47Z",
      "scrape_date": "2025-01-30T03:28:02Z",
      "stabilities": [
        "unstable"
      ],
      "unfree": false,
      "version": "1.83.0",
      "outputs_to_install": [
        "out"
      ],
      "outputs": {
        "out": "/nix/store/zfbr6c6qqpiqfqsms2133s3la5z1v7ac-cargo-1.83.0"
      },
      "system": "aarch64-linux",
      "group": "toplevel",
      "priority": 5
    },
    {
      "attr_path": "cargo",
      "broken": false,
      "derivation": "/nix/store/z4kanysq6vyzdsp68vhcwpbzm1yb6k55-cargo-1.83.0.drv",
      "description": "Downloads your Rust project's dependencies and builds your project",
      "install_id": "cargo",
      "license": "[ MIT, Apache-2.0 ]",
      "locked_url": "https://github.com/flox/nixpkgs?rev=9d3ae807ebd2981d593cddd0080856873139aa40",
      "name": "cargo-1.83.0",
      "pname": "cargo",
      "rev": "9d3ae807ebd2981d593cddd0080856873139aa40",
      "rev_count": 745286,
      "rev_date": "2025-01-29T09:16:47Z",
      "scrape_date": "2025-01-30T03:28:02Z",
      "stabilities": [
        "unstable"
      ],
      "unfree": false,
      "version": "1.83.0",
      "outputs_to_install": [
        "out"
      ],
      "outputs": {
        "out": "/nix/store/xd628z5gs5dydb97s4fnc5wasyr8arlb-cargo-1.83.0"
      },
      "system": "x86_64-darwin",
      "group": "toplevel",
      "priority": 5
    },
    {
      "attr_path": "cargo",
      "broken": false,
      "derivation": "/nix/store/rrrv55i3lhnzdkz3np5ij9x8hs201g6c-cargo-1.83.0.drv",
      "description": "Downloads your Rust project's dependencies and builds your project",
      "install_id": "cargo",
      "license": "[ MIT, Apache-2.0 ]",
      "locked_url": "https://github.com/flox/nixpkgs?rev=9d3ae807ebd2981d593cddd0080856873139aa40",
      "name": "cargo-1.83.0",
      "pname": "cargo",
      "rev": "9d3ae807ebd2981d593cddd0080856873139aa40",
      "rev_count": 745286,
      "rev_date": "2025-01-29T09:16:47Z",
      "scrape_date": "2025-01-30T03:28:02Z",
      "stabilities": [
        "unstable"
      ],
      "unfree": false,
      "version": "1.83.0",
      "outputs_to_install": [
        "out"
      ],
      "outputs": {
        "out": "/nix/store/a9n2kybksza6sn71qwqc6ac781gk9g7v-cargo-1.83.0"
      },
      "system": "x86_64-linux",
      "group": "toplevel",
      "priority": 5
    },
    {
      "attr_path": "nodePackages.npm",
      "broken": false,
      "derivation": "/nix/store/3d63jxlp8q5k9j578l8y8kv66063id4i-nodejs-22.12.0.drv",
      "description": "Event-driven I/O framework for the V8 JavaScript engine",
      "install_id": "npm",
      "license": "MIT",
      "locked_url": "https://github.com/flox/nixpkgs?rev=9d3ae807ebd2981d593cddd0080856873139aa40",
      "name": "nodejs-22.12.0",
      "pname": "npm",
      "rev": "9d3ae807ebd2981d593cddd0080856873139aa40",
      "rev_count": 745286,
      "rev_date": "2025-01-29T09:16:47Z",
      "scrape_date": "2025-01-30T03:28:02Z",
      "stabilities": [
        "unstable"
      ],
      "unfree": false,
      "version": "nodejs-22.12.0",
      "outputs_to_install": [
        "out"
      ],
      "outputs": {
        "libv8": "/nix/store/hvpmcjbmsyknlpjjd7a8na891fv4a81i-nodejs-22.12.0-libv8",
        "out": "/nix/store/ygk01vha6k5zxgn9rsxi3k6cm2kbnwsc-nodejs-22.12.0"
      },
      "system": "aarch64-darwin",
      "group": "toplevel",
      "priority": 5
    },
    {
      "attr_path": "nodePackages.npm",
      "broken": false,
      "derivation": "/nix/store/4ikgm8yyp8zyylpfjkndmswphbps4kq4-nodejs-22.12.0.drv",
      "description": "Event-driven I/O framework for the V8 JavaScript engine",
      "install_id": "npm",
      "license": "MIT",
      "locked_url": "https://github.com/flox/nixpkgs?rev=9d3ae807ebd2981d593cddd0080856873139aa40",
      "name": "nodejs-22.12.0",
      "pname": "npm",
      "rev": "9d3ae807ebd2981d593cddd0080856873139aa40",
      "rev_count": 745286,
      "rev_date": "2025-01-29T09:16:47Z",
      "scrape_date": "2025-01-30T03:28:02Z",
      "stabilities": [
        "unstable"
      ],
      "unfree": false,
      "version": "nodejs-22.12.0",
      "outputs_to_install": [
        "out"
      ],
      "outputs": {
        "libv8": "/nix/store/48is8354i9qwj194id0ncczkvzvfqhim-nodejs-22.12.0-libv8",
        "out": "/nix/store/jdgrvyf5l99rzjayicxjw7i6p98r0rlb-nodejs-22.12.0"
      },
      "system": "aarch64-linux",
      "group": "toplevel",
      "priority": 5
    },
    {
      "attr_path": "nodePackages.npm",
      "broken": false,
      "derivation": "/nix/store/8781n36mwvzx5d4mncvgf09pqlgx7gx3-nodejs-22.12.0.drv",
      "description": "Event-driven I/O framework for the V8 JavaScript engine",
      "install_id": "npm",
      "license": "MIT",
      "locked_url": "https://github.com/flox/nixpkgs?rev=9d3ae807ebd2981d593cddd0080856873139aa40",
      "name": "nodejs-22.12.0",
      "pname": "npm",
      "rev": "9d3ae807ebd2981d593cddd0080856873139aa40",
      "rev_count": 745286,
      "rev_date": "2025-01-29T09:16:47Z",
      "scrape_date": "2025-01-30T03:28:02Z",
      "stabilities": [
        "unstable"
      ],
      "unfree": false,
      "version": "nodejs-22.12.0",
      "outputs_to_install": [
        "out"
      ],
      "outputs": {
        "libv8": "/nix/store/gvys8kz8pdw62ch2x7k25rrmcw3mqnrw-nodejs-22.12.0-libv8",
        "out": "/nix/store/6fnlali5gqihxs02adk1bdzjsya9cacp-nodejs-22.12.0"
      },
      "system": "x86_64-darwin",
      "group": "toplevel",
      "priority": 5
    },
    {
      "attr_path": "nodePackages.npm",
      "broken": false,
      "derivation": "/nix/store/a73rv2rzsy47phyhbdnlnycpvda83z0c-nodejs-22.12.0.drv",
      "description": "Event-driven I/O framework for the V8 JavaScript engine",
      "install_id": "npm",
      "license": "MIT",
      "locked_url": "https://github.com/flox/nixpkgs?rev=9d3ae807ebd2981d593cddd0080856873139aa40",
      "name": "nodejs-22.12.0",
      "pname": "npm",
      "rev": "9d3ae807ebd2981d593cddd0080856873139aa40",
      "rev_count": 745286,
      "rev_date": "2025-01-29T09:16:47Z",
      "scrape_date": "2025-01-30T03:28:02Z",
      "stabilities": [
        "unstable"
      ],
      "unfree": false,
      "version": "nodejs-22.12.0",
      "outputs_to_install": [
        "out"
      ],
      "outputs": {
        "libv8": "/nix/store/n7x07hrc6sjhh6as6c75g15blq1c1ykh-nodejs-22.12.0-libv8",
        "out": "/nix/store/k1r91cjalyc2mzzllpv5hklhqn8wvgjr-nodejs-22.12.0"
      },
      "system": "x86_64-linux",
      "group": "toplevel",
      "priority": 5
    },
    {
      "attr_path": "rustc",
      "broken": false,
      "derivation": "/nix/store/sygaqs0xv10sgc4lvhasf887mib2v2gy-rustc-wrapper-1.83.0.drv",
      "description": "Safe, concurrent, practical language (wrapper script)",
      "install_id": "rustc",
      "license": "[ MIT, Apache-2.0 ]",
      "locked_url": "https://github.com/flox/nixpkgs?rev=9d3ae807ebd2981d593cddd0080856873139aa40",
      "name": "rustc-wrapper-1.83.0",
      "pname": "rustc",
      "rev": "9d3ae807ebd2981d593cddd0080856873139aa40",
      "rev_count": 745286,
      "rev_date": "2025-01-29T09:16:47Z",
      "scrape_date": "2025-01-30T03:28:02Z",
      "stabilities": [
        "unstable"
      ],
      "unfree": false,
      "version": "wrapper-1.83.0",
      "outputs_to_install": [
        "man",
        "out"
      ],
      "outputs": {
        "doc": "/nix/store/3xszjikd7zs80gnbbndlynkdkdh5z4ld-rustc-wrapper-1.83.0-doc",
        "man": "/nix/store/bikqq7v08s7d5gm31g90fnr8n2s600wn-rustc-wrapper-1.83.0-man",
        "out": "/nix/store/7c2sk5bn8vj1qwrgn79sy77hr0g5zhnl-rustc-wrapper-1.83.0"
      },
      "system": "aarch64-darwin",
      "group": "toplevel",
      "priority": 5
    },
    {
      "attr_path": "rustc",
      "broken": false,
      "derivation": "/nix/store/5gh2zb9ca6116hxlcg95f5jwc18dd9g1-rustc-wrapper-1.83.0.drv",
      "description": "Safe, concurrent, practical language (wrapper script)",
      "install_id": "rustc",
      "license": "[ MIT, Apache-2.0 ]",
      "locked_url": "https://github.com/flox/nixpkgs?rev=9d3ae807ebd2981d593cddd0080856873139aa40",
      "name": "rustc-wrapper-1.83.0",
      "pname": "rustc",
      "rev": "9d3ae807ebd2981d593cddd0080856873139aa40",
      "rev_count": 745286,
      "rev_date": "2025-01-29T09:16:47Z",
      "scrape_date": "2025-01-30T03:28:02Z",
      "stabilities": [
        "unstable"
      ],
      "unfree": false,
      "version": "wrapper-1.83.0",
      "outputs_to_install": [
        "man",
        "out"
      ],
      "outputs": {
        "doc": "/nix/store/g4qgyjnc10z61cn5gf5krwmwqrsvr32b-rustc-wrapper-1.83.0-doc",
        "man": "/nix/store/nni4b5ssd0rvw1xwyzlawfbqbg3r4rd5-rustc-wrapper-1.83.0-man",
        "out": "/nix/store/0xc2a1l10ggsssh0jrwhwk58xi0kj84i-rustc-wrapper-1.83.0"
      },
      "system": "aarch64-linux",
      "group": "toplevel",
      "priority": 5
    },
    {
      "attr_path": "rustc",
      "broken": false,
      "derivation": "/nix/store/a8mdjzpaywsms53aagyf7r8v8phfc3rh-rustc-wrapper-1.83.0.drv",
      "description": "Safe, concurrent, practical language (wrapper script)",
      "install_id": "rustc",
      "license": "[ MIT, Apache-2.0 ]",
      "locked_url": "https://github.com/flox/nixpkgs?rev=9d3ae807ebd2981d593cddd0080856873139aa40",
      "name": "rustc-wrapper-1.83.0",
      "pname": "rustc",
      "rev": "9d3ae807ebd2981d593cddd0080856873139aa40",
      "rev_count": 745286,
      "rev_date": "2025-01-29T09:16:47Z",
      "scrape_date": "2025-01-30T03:28:02Z",
      "stabilities": [
        "unstable"
      ],
      "unfree": false,
      "version": "wrapper-1.83.0",
      "outputs_to_install": [
        "man",
        "out"
      ],
      "outputs": {
        "doc": "/nix/store/ksc5dd88db6wbffaq79yf0y9gjcad3sh-rustc-wrapper-1.83.0-doc",
        "man": "/nix/store/c8qpa1sw7ia8qa1dw1wf7z1gvymn6v7k-rustc-wrapper-1.83.0-man",
        "out": "/nix/store/4bg9n0hvbfp1nlkclrjww9jd5jg4bf3h-rustc-wrapper-1.83.0"
      },
      "system": "x86_64-darwin",
      "group": "toplevel",
      "priority": 5
    },
    {
      "attr_path": "rustc",
      "broken": false,
      "derivation": "/nix/store/jm1ljhx7hhd7achyr3j33im8j5xc49y5-rustc-wrapper-1.83.0.drv",
      "description": "Safe, concurrent, practical language (wrapper script)",
      "install_id": "rustc",
      "license": "[ MIT, Apache-2.0 ]",
      "locked_url": "https://github.com/flox/nixpkgs?rev=9d3ae807ebd2981d593cddd0080856873139aa40",
      "name": "rustc-wrapper-1.83.0",
      "pname": "rustc",
      "rev": "9d3ae807ebd2981d593cddd0080856873139aa40",
      "rev_count": 745286,
      "rev_date": "2025-01-29T09:16:47Z",
      "scrape_date": "2025-01-30T03:28:02Z",
      "stabilities": [
        "unstable"
      ],
      "unfree": false,
      "version": "wrapper-1.83.0",
      "outputs_to_install": [
        "man",
        "out"
      ],
      "outputs": {
        "doc": "/nix/store/s6h6741lig77473q77jg5a3jh8991a6k-rustc-wrapper-1.83.0-doc",
        "man": "/nix/store/szr3wmmrcdzf59n1y9x7ry6ncqb93s69-rustc-wrapper-1.83.0-man",
        "out": "/nix/store/f10frz81pb9j2bxx3vc394cgq0y9dnyd-rustc-wrapper-1.83.0"
      },
      "system": "x86_64-linux",
      "group": "toplevel",
      "priority": 5
    },
    {
      "attr_path": "rustfmt",
      "broken": false,
      "derivation": "/nix/store/la2pazqrlb5gajx5kxijgbarvm9vgf2d-rustfmt-1.83.0.drv",
      "description": "Tool for formatting Rust code according to style guidelines",
      "install_id": "rustfmt",
      "license": "[ MIT, Apache-2.0 ]",
      "locked_url": "https://github.com/flox/nixpkgs?rev=9d3ae807ebd2981d593cddd0080856873139aa40",
      "name": "rustfmt-1.83.0",
      "pname": "rustfmt",
      "rev": "9d3ae807ebd2981d593cddd0080856873139aa40",
      "rev_count": 745286,
      "rev_date": "2025-01-29T09:16:47Z",
      "scrape_date": "2025-01-30T03:28:02Z",
      "stabilities": [
        "unstable"
      ],
      "unfree": false,
      "version": "1.83.0",
      "outputs_to_install": [
        "out"
      ],
      "outputs": {
        "out": "/nix/store/flml6db7rdfb3y57zm63kqpy6g65k9aq-rustfmt-1.83.0"
      },
      "system": "aarch64-darwin",
      "group": "toplevel",
      "priority": 5
    },
    {
      "attr_path": "rustfmt",
      "broken": false,
      "derivation": "/nix/store/1zk8akkl5qmbah9rn30vli6p6hv5isaz-rustfmt-1.83.0.drv",
      "description": "Tool for formatting Rust code according to style guidelines",
      "install_id": "rustfmt",
      "license": "[ MIT, Apache-2.0 ]",
      "locked_url": "https://github.com/flox/nixpkgs?rev=9d3ae807ebd2981d593cddd0080856873139aa40",
      "name": "rustfmt-1.83.0",
      "pname": "rustfmt",
      "rev": "9d3ae807ebd2981d593cddd0080856873139aa40",
      "rev_count": 745286,
      "rev_date": "2025-01-29T09:16:47Z",
      "scrape_date": "2025-01-30T03:28:02Z",
      "stabilities": [
        "unstable"
      ],
      "unfree": false,
      "version": "1.83.0",
      "outputs_to_install": [
        "out"
      ],
      "outputs": {
        "out": "/nix/store/kl5rj9ian2ag6b0rsiwry4bijkha7pcb-rustfmt-1.83.0"
      },
      "system": "aarch64-linux",
      "group": "toplevel",
      "priority": 5
    },
    {
      "attr_path": "rustfmt",
      "broken": false,
      "derivation": "/nix/store/nyc43x7hvbj10qk42g6cafiq1hf87ck3-rustfmt-1.83.0.drv",
      "description": "Tool for formatting Rust code according to style guidelines",
      "install_id": "rustfmt",
      "license": "[ MIT, Apache-2.0 ]",
      "locked_url": "https://github.com/flox/nixpkgs?rev=9d3ae807ebd2981d593cddd0080856873139aa40",
      "name": "rustfmt-1.83.0",
      "pname": "rustfmt",
      "rev": "9d3ae807ebd2981d593cddd0080856873139aa40",
      "rev_count": 745286,
      "rev_date": "2025-01-29T09:16:47Z",
      "scrape_date": "2025-01-30T03:28:02Z",
      "stabilities": [
        "unstable"
      ],
      "unfree": false,
      "version": "1.83.0",
      "outputs_to_install": [
        "out"
      ],
      "outputs": {
        "out": "/nix/store/sicy5f8fdndangnbx17w2v34ldlrwykf-rustfmt-1.83.0"
      },
      "system": "x86_64-darwin",
      "group": "toplevel",
      "priority": 5
    },
    {
      "attr_path": "rustfmt",
      "broken": false,
      "derivation": "/nix/store/jl1s2wm925rk06v47614ly3l20rx4by6-rustfmt-1.83.0.drv",
      "description": "Tool for formatting Rust code according to style guidelines",
      "install_id": "rustfmt",
      "license": "[ MIT, Apache-2.0 ]",
      "locked_url": "https://github.com/flox/nixpkgs?rev=9d3ae807ebd2981d593cddd0080856873139aa40",
      "name": "rustfmt-1.83.0",
      "pname": "rustfmt",
      "rev": "9d3ae807ebd2981d593cddd0080856873139aa40",
      "rev_count": 745286,
      "rev_date": "2025-01-29T09:16:47Z",
      "scrape_date": "2025-01-30T03:28:02Z",
      "stabilities": [
        "unstable"
      ],
      "unfree": false,
      "version": "1.83.0",
      "outputs_to_install": [
        "out"
      ],
      "outputs": {
        "out": "/nix/store/00h51vwbfcylzx6rl2p8dh6dq3yz9nlv-rustfmt-1.83.0"
      },
      "system": "x86_64-linux",
      "group": "toplevel",
      "priority": 5
    }
  ]
}